
Microsoft Visual Studio Solution File, Format Version 12.00
# Visual Studio Version 16
VisualStudioVersion = 16.0.31229.75
MinimumVisualStudioVersion = 10.0.40219.1
Project("{FAE04EC0-301F-11D3-BF4B-00C04F79EFBC}") = "DisplayAndMathActionsWithArrays", "DisplayAndMathActionsWithArrays\DisplayAndMathActionsWithArrays.csproj", "{E3825D71-7BA6-47A5-81C5-496B0866DE34}"
EndProject
Project("{FAE04EC0-301F-11D3-BF4B-00C04F79EFBC}") = "OOP_concept_practicing_with_arrays", "OOP_concept_practicing_with_arrays\OOP_concept_practicing_with_arrays.csproj", "{96B0392F-CDE3-4965-A263-9C98A01938CA}"
EndProject
Global
	GlobalSection(SolutionConfigurationPlatforms) = preSolution
		Debug|Any CPU = Debug|Any CPU
		Release|Any CPU = Release|Any CPU
	EndGlobalSection
	GlobalSection(ProjectConfigurationPlatforms) = postSolution
		{E3825D71-7BA6-47A5-81C5-496B0866DE34}.Debug|Any CPU.ActiveCfg = Debug|Any CPU
		{E3825D71-7BA6-47A5-81C5-496B0866DE34}.Debug|Any CPU.Build.0 = Debug|Any CPU
		{E3825D71-7BA6-47A5-81C5-496B0866DE34}.Release|Any CPU.ActiveCfg = Release|Any CPU
		{E3825D71-7BA6-47A5-81C5-496B0866DE34}.Release|Any CPU.Build.0 = Release|Any CPU
		{96B0392F-CDE3-4965-A263-9C98A01938CA}.Debug|Any CPU.ActiveCfg = Debug|Any CPU
		{96B0392F-CDE3-4965-A263-9C98A01938CA}.Debug|Any CPU.Build.0 = Debug|Any CPU
		{96B0392F-CDE3-4965-A263-9C98A01938CA}.Release|Any CPU.ActiveCfg = Release|Any CPU
		{96B0392F-CDE3-4965-A263-9C98A01938CA}.Release|Any CPU.Build.0 = Release|Any CPU
	EndGlobalSection
	GlobalSection(SolutionProperties) = preSolution
		HideSolutionNode = FALSE
	EndGlobalSection
	GlobalSection(ExtensibilityGlobals) = postSolution
		SolutionGuid = {351F8C09-97D1-4ADC-A381-862A4C443D24}
	EndGlobalSection
EndGlobal
